
Microsoft Visual Studio Solution File, Format Version 12.00
# Visual Studio Version 16
VisualStudioVersion = 16.0.29509.3
MinimumVisualStudioVersion = 10.0.40219.1
Project("{FAE04EC0-301F-11D3-BF4B-00C04F79EFBC}") = "AzureTutorials", "AzureTutorials\AzureTutorials.csproj", "{C796A263-9CA9-442D-90DC-9DEB6686FA83}"
EndProject
Global
	GlobalSection(SolutionConfigurationPlatforms) = preSolution
		Debug|Any CPU = Debug|Any CPU
		Release|Any CPU = Release|Any CPU
	EndGlobalSection
	GlobalSection(ProjectConfigurationPlatforms) = postSolution
		{C796A263-9CA9-442D-90DC-9DEB6686FA83}.Debug|Any CPU.ActiveCfg = Debug|Any CPU
		{C796A263-9CA9-442D-90DC-9DEB6686FA83}.Debug|Any CPU.Build.0 = Debug|Any CPU
		{C796A263-9CA9-442D-90DC-9DEB6686FA83}.Release|Any CPU.ActiveCfg = Release|Any CPU
		{C796A263-9CA9-442D-90DC-9DEB6686FA83}.Release|Any CPU.Build.0 = Release|Any CPU
	EndGlobalSection
	GlobalSection(SolutionProperties) = preSolution
		HideSolutionNode = FALSE
	EndGlobalSection
	GlobalSection(ExtensibilityGlobals) = postSolution
		SolutionGuid = {CF4CE2CB-D4B0-4B7C-BAED-DA878898CA5C}
	EndGlobalSection
EndGlobal
